
Microsoft Visual Studio Solution File, Format Version 12.00
# Visual Studio Version 16
VisualStudioVersion = 16.0.31702.278
MinimumVisualStudioVersion = 10.0.40219.1
Project("{FAE04EC0-301F-11D3-BF4B-00C04F79EFBC}") = "CalculadoraCSharp", "CalculadoraCSharp.csproj", "{5403C015-DD4F-4A52-AF77-65AAE7E5CA31}"
EndProject
Global
	GlobalSection(SolutionConfigurationPlatforms) = preSolution
		Debug|Any CPU = Debug|Any CPU
		Release|Any CPU = Release|Any CPU
	EndGlobalSection
	GlobalSection(ProjectConfigurationPlatforms) = postSolution
		{5403C015-DD4F-4A52-AF77-65AAE7E5CA31}.Debug|Any CPU.ActiveCfg = Debug|Any CPU
		{5403C015-DD4F-4A52-AF77-65AAE7E5CA31}.Debug|Any CPU.Build.0 = Debug|Any CPU
		{5403C015-DD4F-4A52-AF77-65AAE7E5CA31}.Release|Any CPU.ActiveCfg = Release|Any CPU
		{5403C015-DD4F-4A52-AF77-65AAE7E5CA31}.Release|Any CPU.Build.0 = Release|Any CPU
	EndGlobalSection
	GlobalSection(SolutionProperties) = preSolution
		HideSolutionNode = FALSE
	EndGlobalSection
	GlobalSection(ExtensibilityGlobals) = postSolution
		SolutionGuid = {C6A49976-4CCE-4B3A-A968-67E80187F657}
	EndGlobalSection
EndGlobal
